// !$*UTF8*$!
{
	archiveVersion = 1;
	classes = {
	};
	objectVersion = 50;
	objects = {

/* Begin PBXBuildFile section */
		D295390725C10D9400E27934 /* BeerDetailsUIComposer.swift in Sources */ = {isa = PBXBuildFile; fileRef = D295390625C10D9400E27934 /* BeerDetailsUIComposer.swift */; };
		D295390F25C10E0000E27934 /* BeerDetailsImageLoaderPresentationAdapter.swift in Sources */ = {isa = PBXBuildFile; fileRef = D295390E25C10E0000E27934 /* BeerDetailsImageLoaderPresentationAdapter.swift */; };
		D295391225C10E3F00E27934 /* BeerDetailsViewControllerTests.swift in Sources */ = {isa = PBXBuildFile; fileRef = D295391125C10E3E00E27934 /* BeerDetailsViewControllerTests.swift */; };
		D2BA5B7925C0445400912BD9 /* AppDelegate.swift in Sources */ = {isa = PBXBuildFile; fileRef = D2BA5B7825C0445400912BD9 /* AppDelegate.swift */; };
		D2BA5B7B25C0445400912BD9 /* SceneDelegate.swift in Sources */ = {isa = PBXBuildFile; fileRef = D2BA5B7A25C0445400912BD9 /* SceneDelegate.swift */; };
		D2BA5B8225C0445700912BD9 /* Assets.xcassets in Resources */ = {isa = PBXBuildFile; fileRef = D2BA5B8125C0445700912BD9 /* Assets.xcassets */; };
		D2BA5B8525C0445700912BD9 /* LaunchScreen.storyboard in Resources */ = {isa = PBXBuildFile; fileRef = D2BA5B8325C0445700912BD9 /* LaunchScreen.storyboard */; };
		D2BA5BB325C0454C00912BD9 /* BeerList.framework in Frameworks */ = {isa = PBXBuildFile; fileRef = D2BA5BB125C0454C00912BD9 /* BeerList.framework */; };
		D2BA5BB425C0454C00912BD9 /* BeerList.framework in Embed Frameworks */ = {isa = PBXBuildFile; fileRef = D2BA5BB125C0454C00912BD9 /* BeerList.framework */; settings = {ATTRIBUTES = (CodeSignOnCopy, RemoveHeadersOnCopy, ); }; };
		D2BA5BB525C0454C00912BD9 /* BeerListiOS.framework in Frameworks */ = {isa = PBXBuildFile; fileRef = D2BA5BB225C0454C00912BD9 /* BeerListiOS.framework */; };
		D2BA5BB625C0454C00912BD9 /* BeerListiOS.framework in Embed Frameworks */ = {isa = PBXBuildFile; fileRef = D2BA5BB225C0454C00912BD9 /* BeerListiOS.framework */; settings = {ATTRIBUTES = (CodeSignOnCopy, RemoveHeadersOnCopy, ); }; };
		D2BA5C8225C0539300912BD9 /* SceneDelegateTests.swift in Sources */ = {isa = PBXBuildFile; fileRef = D2BA5C8125C0539300912BD9 /* SceneDelegateTests.swift */; };
		D2BA5CC425C056DF00912BD9 /* BeerDataLoaderPresentationAdapter.swift in Sources */ = {isa = PBXBuildFile; fileRef = D2BA5CBE25C056DF00912BD9 /* BeerDataLoaderPresentationAdapter.swift */; };
		D2BA5CC525C056DF00912BD9 /* BeerListUIComposer.swift in Sources */ = {isa = PBXBuildFile; fileRef = D2BA5CBF25C056DF00912BD9 /* BeerListUIComposer.swift */; };
		D2BA5CC625C056DF00912BD9 /* MainQueueDispatchDecorator.swift in Sources */ = {isa = PBXBuildFile; fileRef = D2BA5CC025C056DF00912BD9 /* MainQueueDispatchDecorator.swift */; };
		D2BA5CC725C056DF00912BD9 /* WeakRefVirtualProxy.swift in Sources */ = {isa = PBXBuildFile; fileRef = D2BA5CC125C056DF00912BD9 /* WeakRefVirtualProxy.swift */; };
		D2BA5CC825C056DF00912BD9 /* BeerListLoaderPresentationAdapter.swift in Sources */ = {isa = PBXBuildFile; fileRef = D2BA5CC225C056DF00912BD9 /* BeerListLoaderPresentationAdapter.swift */; };
		D2BA5CC925C056DF00912BD9 /* BeerListViewAdapter.swift in Sources */ = {isa = PBXBuildFile; fileRef = D2BA5CC325C056DF00912BD9 /* BeerListViewAdapter.swift */; };
		D2BA5CD725C056F900912BD9 /* BeerListViewController+TestHelpers.swift in Sources */ = {isa = PBXBuildFile; fileRef = D2BA5CD025C056F900912BD9 /* BeerListViewController+TestHelpers.swift */; };
		D2BA5CD825C056F900912BD9 /* BeerListViewControllerTests+TestHelpers.swift in Sources */ = {isa = PBXBuildFile; fileRef = D2BA5CD125C056F900912BD9 /* BeerListViewControllerTests+TestHelpers.swift */; };
		D2BA5CD925C056F900912BD9 /* BeerCell+TestHelpers.swift in Sources */ = {isa = PBXBuildFile; fileRef = D2BA5CD225C056F900912BD9 /* BeerCell+TestHelpers.swift */; };
		D2BA5CDA25C056F900912BD9 /* UIImage+TestHelpers.swift in Sources */ = {isa = PBXBuildFile; fileRef = D2BA5CD325C056F900912BD9 /* UIImage+TestHelpers.swift */; };
		D2BA5CDB25C056F900912BD9 /* UIControl+TestHelpers.swift in Sources */ = {isa = PBXBuildFile; fileRef = D2BA5CD425C056F900912BD9 /* UIControl+TestHelpers.swift */; };
		D2BA5CDC25C056F900912BD9 /* BeerListViewControllerTests+Assertions.swift in Sources */ = {isa = PBXBuildFile; fileRef = D2BA5CD525C056F900912BD9 /* BeerListViewControllerTests+Assertions.swift */; };
		D2BA5CDD25C056F900912BD9 /* BeerListUIIntegrationsTests.swift in Sources */ = {isa = PBXBuildFile; fileRef = D2BA5CD625C056F900912BD9 /* BeerListUIIntegrationsTests.swift */; };
		D2BA5CE525C057B300912BD9 /* XCTest+MemoryLeakTracking.swift in Sources */ = {isa = PBXBuildFile; fileRef = D2BA5CE425C057B300912BD9 /* XCTest+MemoryLeakTracking.swift */; };
		D2BA5CE825C0587F00912BD9 /* BeerListAcceptanceTests.swift in Sources */ = {isa = PBXBuildFile; fileRef = D2BA5CE725C0587F00912BD9 /* BeerListAcceptanceTests.swift */; };
/* End PBXBuildFile section */

/* Begin PBXContainerItemProxy section */
		D2BA5BEC25C0496700912BD9 /* PBXContainerItemProxy */ = {
			isa = PBXContainerItemProxy;
			containerPortal = D2BA5BE425C0496700912BD9 /* BeerList.xcodeproj */;
			proxyType = 2;
			remoteGlobalIDString = D256A38725BA47F10010C33F;
			remoteInfo = BeerList;
		};
		D2BA5BEE25C0496700912BD9 /* PBXContainerItemProxy */ = {
			isa = PBXContainerItemProxy;
			containerPortal = D2BA5BE425C0496700912BD9 /* BeerList.xcodeproj */;
			proxyType = 2;
			remoteGlobalIDString = D256A39025BA47F10010C33F;
			remoteInfo = BeerListTests;
		};
		D2BA5BF025C0496700912BD9 /* PBXContainerItemProxy */ = {
			isa = PBXContainerItemProxy;
			containerPortal = D2BA5BE425C0496700912BD9 /* BeerList.xcodeproj */;
			proxyType = 2;
			remoteGlobalIDString = D232EF4B25BDFD7300F272BB;
			remoteInfo = BeerListAPIEndToEndTests;
		};
		D2BA5BF225C0496700912BD9 /* PBXContainerItemProxy */ = {
			isa = PBXContainerItemProxy;
			containerPortal = D2BA5BE425C0496700912BD9 /* BeerList.xcodeproj */;
			proxyType = 2;
			remoteGlobalIDString = D232EFE825BE3BA200F272BB;
			remoteInfo = BeerListiOS;
		};
		D2BA5BF425C0496700912BD9 /* PBXContainerItemProxy */ = {
			isa = PBXContainerItemProxy;
			containerPortal = D2BA5BE425C0496700912BD9 /* BeerList.xcodeproj */;
			proxyType = 2;
			remoteGlobalIDString = D232EFF025BE3BA300F272BB;
			remoteInfo = BeerListiOSTests;
		};
		D2BA5C6125C04F9A00912BD9 /* PBXContainerItemProxy */ = {
			isa = PBXContainerItemProxy;
			containerPortal = D2BA5B6D25C0445400912BD9 /* Project object */;
			proxyType = 1;
			remoteGlobalIDString = D2BA5B7425C0445400912BD9;
			remoteInfo = BeerListApp;
		};
/* End PBXContainerItemProxy section */

/* Begin PBXCopyFilesBuildPhase section */
		D2BA5BB725C0454C00912BD9 /* Embed Frameworks */ = {
			isa = PBXCopyFilesBuildPhase;
			buildActionMask = 2147483647;
			dstPath = "";
			dstSubfolderSpec = 10;
			files = (
				D2BA5BB625C0454C00912BD9 /* BeerListiOS.framework in Embed Frameworks */,
				D2BA5BB425C0454C00912BD9 /* BeerList.framework in Embed Frameworks */,
			);
			name = "Embed Frameworks";
			runOnlyForDeploymentPostprocessing = 0;
		};
/* End PBXCopyFilesBuildPhase section */

/* Begin PBXFileReference section */
		D295390625C10D9400E27934 /* BeerDetailsUIComposer.swift */ = {isa = PBXFileReference; lastKnownFileType = sourcecode.swift; path = BeerDetailsUIComposer.swift; sourceTree = "<group>"; };
		D295390E25C10E0000E27934 /* BeerDetailsImageLoaderPresentationAdapter.swift */ = {isa = PBXFileReference; lastKnownFileType = sourcecode.swift; path = BeerDetailsImageLoaderPresentationAdapter.swift; sourceTree = "<group>"; };
		D295391125C10E3E00E27934 /* BeerDetailsViewControllerTests.swift */ = {isa = PBXFileReference; lastKnownFileType = sourcecode.swift; path = BeerDetailsViewControllerTests.swift; sourceTree = "<group>"; };
		D2BA5B7525C0445400912BD9 /* BeerListApp.app */ = {isa = PBXFileReference; explicitFileType = wrapper.application; includeInIndex = 0; path = BeerListApp.app; sourceTree = BUILT_PRODUCTS_DIR; };
		D2BA5B7825C0445400912BD9 /* AppDelegate.swift */ = {isa = PBXFileReference; lastKnownFileType = sourcecode.swift; path = AppDelegate.swift; sourceTree = "<group>"; };
		D2BA5B7A25C0445400912BD9 /* SceneDelegate.swift */ = {isa = PBXFileReference; lastKnownFileType = sourcecode.swift; path = SceneDelegate.swift; sourceTree = "<group>"; };
		D2BA5B8125C0445700912BD9 /* Assets.xcassets */ = {isa = PBXFileReference; lastKnownFileType = folder.assetcatalog; path = Assets.xcassets; sourceTree = "<group>"; };
		D2BA5B8425C0445700912BD9 /* Base */ = {isa = PBXFileReference; lastKnownFileType = file.storyboard; name = Base; path = Base.lproj/LaunchScreen.storyboard; sourceTree = "<group>"; };
		D2BA5B8625C0445700912BD9 /* Info.plist */ = {isa = PBXFileReference; lastKnownFileType = text.plist.xml; path = Info.plist; sourceTree = "<group>"; };
		D2BA5BB125C0454C00912BD9 /* BeerList.framework */ = {isa = PBXFileReference; explicitFileType = wrapper.framework; path = BeerList.framework; sourceTree = BUILT_PRODUCTS_DIR; };
		D2BA5BB225C0454C00912BD9 /* BeerListiOS.framework */ = {isa = PBXFileReference; explicitFileType = wrapper.framework; path = BeerListiOS.framework; sourceTree = BUILT_PRODUCTS_DIR; };
		D2BA5BE425C0496700912BD9 /* BeerList.xcodeproj */ = {isa = PBXFileReference; lastKnownFileType = "wrapper.pb-project"; name = BeerList.xcodeproj; path = ../BeerList/BeerList.xcodeproj; sourceTree = "<group>"; };
		D2BA5C5C25C04F9A00912BD9 /* BeerListAppTests.xctest */ = {isa = PBXFileReference; explicitFileType = wrapper.cfbundle; includeInIndex = 0; path = BeerListAppTests.xctest; sourceTree = BUILT_PRODUCTS_DIR; };
		D2BA5C6025C04F9A00912BD9 /* Info.plist */ = {isa = PBXFileReference; lastKnownFileType = text.plist.xml; path = Info.plist; sourceTree = "<group>"; };
		D2BA5C8125C0539300912BD9 /* SceneDelegateTests.swift */ = {isa = PBXFileReference; lastKnownFileType = sourcecode.swift; path = SceneDelegateTests.swift; sourceTree = "<group>"; };
		D2BA5CBE25C056DF00912BD9 /* BeerDataLoaderPresentationAdapter.swift */ = {isa = PBXFileReference; fileEncoding = 4; lastKnownFileType = sourcecode.swift; path = BeerDataLoaderPresentationAdapter.swift; sourceTree = "<group>"; };
		D2BA5CBF25C056DF00912BD9 /* BeerListUIComposer.swift */ = {isa = PBXFileReference; fileEncoding = 4; lastKnownFileType = sourcecode.swift; path = BeerListUIComposer.swift; sourceTree = "<group>"; };
		D2BA5CC025C056DF00912BD9 /* MainQueueDispatchDecorator.swift */ = {isa = PBXFileReference; fileEncoding = 4; lastKnownFileType = sourcecode.swift; path = MainQueueDispatchDecorator.swift; sourceTree = "<group>"; };
		D2BA5CC125C056DF00912BD9 /* WeakRefVirtualProxy.swift */ = {isa = PBXFileReference; fileEncoding = 4; lastKnownFileType = sourcecode.swift; path = WeakRefVirtualProxy.swift; sourceTree = "<group>"; };
		D2BA5CC225C056DF00912BD9 /* BeerListLoaderPresentationAdapter.swift */ = {isa = PBXFileReference; fileEncoding = 4; lastKnownFileType = sourcecode.swift; path = BeerListLoaderPresentationAdapter.swift; sourceTree = "<group>"; };
		D2BA5CC325C056DF00912BD9 /* BeerListViewAdapter.swift */ = {isa = PBXFileReference; fileEncoding = 4; lastKnownFileType = sourcecode.swift; path = BeerListViewAdapter.swift; sourceTree = "<group>"; };
		D2BA5CD025C056F900912BD9 /* BeerListViewController+TestHelpers.swift */ = {isa = PBXFileReference; fileEncoding = 4; lastKnownFileType = sourcecode.swift; path = "BeerListViewController+TestHelpers.swift"; sourceTree = "<group>"; };
		D2BA5CD125C056F900912BD9 /* BeerListViewControllerTests+TestHelpers.swift */ = {isa = PBXFileReference; fileEncoding = 4; lastKnownFileType = sourcecode.swift; path = "BeerListViewControllerTests+TestHelpers.swift"; sourceTree = "<group>"; };
		D2BA5CD225C056F900912BD9 /* BeerCell+TestHelpers.swift */ = {isa = PBXFileReference; fileEncoding = 4; lastKnownFileType = sourcecode.swift; path = "BeerCell+TestHelpers.swift"; sourceTree = "<group>"; };
		D2BA5CD325C056F900912BD9 /* UIImage+TestHelpers.swift */ = {isa = PBXFileReference; fileEncoding = 4; lastKnownFileType = sourcecode.swift; path = "UIImage+TestHelpers.swift"; sourceTree = "<group>"; };
		D2BA5CD425C056F900912BD9 /* UIControl+TestHelpers.swift */ = {isa = PBXFileReference; fileEncoding = 4; lastKnownFileType = sourcecode.swift; path = "UIControl+TestHelpers.swift"; sourceTree = "<group>"; };
		D2BA5CD525C056F900912BD9 /* BeerListViewControllerTests+Assertions.swift */ = {isa = PBXFileReference; fileEncoding = 4; lastKnownFileType = sourcecode.swift; path = "BeerListViewControllerTests+Assertions.swift"; sourceTree = "<group>"; };
		D2BA5CD625C056F900912BD9 /* BeerListUIIntegrationsTests.swift */ = {isa = PBXFileReference; fileEncoding = 4; lastKnownFileType = sourcecode.swift; path = BeerListUIIntegrationsTests.swift; sourceTree = "<group>"; };
		D2BA5CE425C057B300912BD9 /* XCTest+MemoryLeakTracking.swift */ = {isa = PBXFileReference; fileEncoding = 4; lastKnownFileType = sourcecode.swift; path = "XCTest+MemoryLeakTracking.swift"; sourceTree = "<group>"; };
		D2BA5CE725C0587F00912BD9 /* BeerListAcceptanceTests.swift */ = {isa = PBXFileReference; lastKnownFileType = sourcecode.swift; path = BeerListAcceptanceTests.swift; sourceTree = "<group>"; };
/* End PBXFileReference section */

/* Begin PBXFrameworksBuildPhase section */
		D2BA5B7225C0445400912BD9 /* Frameworks */ = {
			isa = PBXFrameworksBuildPhase;
			buildActionMask = 2147483647;
			files = (
				D2BA5BB525C0454C00912BD9 /* BeerListiOS.framework in Frameworks */,
				D2BA5BB325C0454C00912BD9 /* BeerList.framework in Frameworks */,
			);
			runOnlyForDeploymentPostprocessing = 0;
		};
		D2BA5C5925C04F9A00912BD9 /* Frameworks */ = {
			isa = PBXFrameworksBuildPhase;
			buildActionMask = 2147483647;
			files = (
			);
			runOnlyForDeploymentPostprocessing = 0;
		};
/* End PBXFrameworksBuildPhase section */

/* Begin PBXGroup section */
		D2BA5B6C25C0445400912BD9 = {
			isa = PBXGroup;
			children = (
				D2BA5B7725C0445400912BD9 /* BeerListApp */,
				D2BA5C5D25C04F9A00912BD9 /* BeerListAppTests */,
				D2BA5B7625C0445400912BD9 /* Products */,
				D2BA5BB025C0454B00912BD9 /* Frameworks */,
			);
			sourceTree = "<group>";
		};
		D2BA5B7625C0445400912BD9 /* Products */ = {
			isa = PBXGroup;
			children = (
				D2BA5B7525C0445400912BD9 /* BeerListApp.app */,
				D2BA5C5C25C04F9A00912BD9 /* BeerListAppTests.xctest */,
			);
			name = Products;
			sourceTree = "<group>";
		};
		D2BA5B7725C0445400912BD9 /* BeerListApp */ = {
			isa = PBXGroup;
			children = (
				D2BA5CBD25C056DF00912BD9 /* Composer */,
				D2BA5B7825C0445400912BD9 /* AppDelegate.swift */,
				D2BA5B7A25C0445400912BD9 /* SceneDelegate.swift */,
				D2BA5B8125C0445700912BD9 /* Assets.xcassets */,
				D2BA5B8325C0445700912BD9 /* LaunchScreen.storyboard */,
				D2BA5B8625C0445700912BD9 /* Info.plist */,
			);
			path = BeerListApp;
			sourceTree = "<group>";
		};
		D2BA5BB025C0454B00912BD9 /* Frameworks */ = {
			isa = PBXGroup;
			children = (
				D2BA5BE425C0496700912BD9 /* BeerList.xcodeproj */,
				D2BA5BB125C0454C00912BD9 /* BeerList.framework */,
				D2BA5BB225C0454C00912BD9 /* BeerListiOS.framework */,
			);
			name = Frameworks;
			sourceTree = "<group>";
		};
		D2BA5BE525C0496700912BD9 /* Products */ = {
			isa = PBXGroup;
			children = (
				D2BA5BED25C0496700912BD9 /* BeerList.framework */,
				D2BA5BEF25C0496700912BD9 /* BeerListTests.xctest */,
				D2BA5BF125C0496700912BD9 /* BeerListAPIEndToEndTests.xctest */,
				D2BA5BF325C0496700912BD9 /* BeerListiOS.framework */,
				D2BA5BF525C0496700912BD9 /* BeerListiOSTests.xctest */,
			);
			name = Products;
			sourceTree = "<group>";
		};
		D2BA5C5D25C04F9A00912BD9 /* BeerListAppTests */ = {
			isa = PBXGroup;
			children = (
				D2BA5CD625C056F900912BD9 /* BeerListUIIntegrationsTests.swift */,
				D295391125C10E3E00E27934 /* BeerDetailsViewControllerTests.swift */,
				D2BA5CCF25C056F900912BD9 /* Helpers */,
				D2BA5C6025C04F9A00912BD9 /* Info.plist */,
				D2BA5C8125C0539300912BD9 /* SceneDelegateTests.swift */,
				D2BA5CE725C0587F00912BD9 /* BeerListAcceptanceTests.swift */,
			);
			path = BeerListAppTests;
			sourceTree = "<group>";
		};
		D2BA5CBD25C056DF00912BD9 /* Composer */ = {
			isa = PBXGroup;
			children = (
				D2BA5CBE25C056DF00912BD9 /* BeerDataLoaderPresentationAdapter.swift */,
				D2BA5CBF25C056DF00912BD9 /* BeerListUIComposer.swift */,
				D2BA5CC025C056DF00912BD9 /* MainQueueDispatchDecorator.swift */,
				D2BA5CC125C056DF00912BD9 /* WeakRefVirtualProxy.swift */,
				D2BA5CC225C056DF00912BD9 /* BeerListLoaderPresentationAdapter.swift */,
				D2BA5CC325C056DF00912BD9 /* BeerListViewAdapter.swift */,
				D295390625C10D9400E27934 /* BeerDetailsUIComposer.swift */,
				D295390E25C10E0000E27934 /* BeerDetailsImageLoaderPresentationAdapter.swift */,
			);
			path = Composer;
			sourceTree = "<group>";
		};
		D2BA5CCF25C056F900912BD9 /* Helpers */ = {
			isa = PBXGroup;
			children = (
				D2BA5CD025C056F900912BD9 /* BeerListViewController+TestHelpers.swift */,
				D2BA5CE425C057B300912BD9 /* XCTest+MemoryLeakTracking.swift */,
				D2BA5CD125C056F900912BD9 /* BeerListViewControllerTests+TestHelpers.swift */,
				D2BA5CD225C056F900912BD9 /* BeerCell+TestHelpers.swift */,
				D2BA5CD325C056F900912BD9 /* UIImage+TestHelpers.swift */,
				D2BA5CD425C056F900912BD9 /* UIControl+TestHelpers.swift */,
				D2BA5CD525C056F900912BD9 /* BeerListViewControllerTests+Assertions.swift */,
			);
			path = Helpers;
			sourceTree = "<group>";
		};
/* End PBXGroup section */

/* Begin PBXNativeTarget section */
		D2BA5B7425C0445400912BD9 /* BeerListApp */ = {
			isa = PBXNativeTarget;
			buildConfigurationList = D2BA5B9F25C0445700912BD9 /* Build configuration list for PBXNativeTarget "BeerListApp" */;
			buildPhases = (
				D2BA5B7125C0445400912BD9 /* Sources */,
				D2BA5B7225C0445400912BD9 /* Frameworks */,
				D2BA5B7325C0445400912BD9 /* Resources */,
				D2BA5BB725C0454C00912BD9 /* Embed Frameworks */,
			);
			buildRules = (
			);
			dependencies = (
			);
			name = BeerListApp;
			productName = BeerListApp;
			productReference = D2BA5B7525C0445400912BD9 /* BeerListApp.app */;
			productType = "com.apple.product-type.application";
		};
		D2BA5C5B25C04F9A00912BD9 /* BeerListAppTests */ = {
			isa = PBXNativeTarget;
			buildConfigurationList = D2BA5C6325C04F9A00912BD9 /* Build configuration list for PBXNativeTarget "BeerListAppTests" */;
			buildPhases = (
				D2BA5C5825C04F9A00912BD9 /* Sources */,
				D2BA5C5925C04F9A00912BD9 /* Frameworks */,
				D2BA5C5A25C04F9A00912BD9 /* Resources */,
			);
			buildRules = (
			);
			dependencies = (
				D2BA5C6225C04F9A00912BD9 /* PBXTargetDependency */,
			);
			name = BeerListAppTests;
			productName = BeerListAppTests;
			productReference = D2BA5C5C25C04F9A00912BD9 /* BeerListAppTests.xctest */;
			productType = "com.apple.product-type.bundle.unit-test";
		};
/* End PBXNativeTarget section */

/* Begin PBXProject section */
		D2BA5B6D25C0445400912BD9 /* Project object */ = {
			isa = PBXProject;
			attributes = {
				LastSwiftUpdateCheck = 1220;
				LastUpgradeCheck = 1220;
				TargetAttributes = {
					D2BA5B7425C0445400912BD9 = {
						CreatedOnToolsVersion = 12.2;
					};
					D2BA5C5B25C04F9A00912BD9 = {
						CreatedOnToolsVersion = 12.2;
						LastSwiftMigration = 1220;
						TestTargetID = D2BA5B7425C0445400912BD9;
					};
				};
			};
			buildConfigurationList = D2BA5B7025C0445400912BD9 /* Build configuration list for PBXProject "BeerListApp" */;
			compatibilityVersion = "Xcode 9.3";
			developmentRegion = en;
			hasScannedForEncodings = 0;
			knownRegions = (
				en,
				Base,
			);
			mainGroup = D2BA5B6C25C0445400912BD9;
			productRefGroup = D2BA5B7625C0445400912BD9 /* Products */;
			projectDirPath = "";
			projectReferences = (
				{
					ProductGroup = D2BA5BE525C0496700912BD9 /* Products */;
					ProjectRef = D2BA5BE425C0496700912BD9 /* BeerList.xcodeproj */;
				},
			);
			projectRoot = "";
			targets = (
				D2BA5B7425C0445400912BD9 /* BeerListApp */,
				D2BA5C5B25C04F9A00912BD9 /* BeerListAppTests */,
			);
		};
/* End PBXProject section */

/* Begin PBXReferenceProxy section */
		D2BA5BED25C0496700912BD9 /* BeerList.framework */ = {
			isa = PBXReferenceProxy;
			fileType = wrapper.framework;
			path = BeerList.framework;
			remoteRef = D2BA5BEC25C0496700912BD9 /* PBXContainerItemProxy */;
			sourceTree = BUILT_PRODUCTS_DIR;
		};
		D2BA5BEF25C0496700912BD9 /* BeerListTests.xctest */ = {
			isa = PBXReferenceProxy;
			fileType = wrapper.cfbundle;
			path = BeerListTests.xctest;
			remoteRef = D2BA5BEE25C0496700912BD9 /* PBXContainerItemProxy */;
			sourceTree = BUILT_PRODUCTS_DIR;
		};
		D2BA5BF125C0496700912BD9 /* BeerListAPIEndToEndTests.xctest */ = {
			isa = PBXReferenceProxy;
			fileType = wrapper.cfbundle;
			path = BeerListAPIEndToEndTests.xctest;
			remoteRef = D2BA5BF025C0496700912BD9 /* PBXContainerItemProxy */;
			sourceTree = BUILT_PRODUCTS_DIR;
		};
		D2BA5BF325C0496700912BD9 /* BeerListiOS.framework */ = {
			isa = PBXReferenceProxy;
			fileType = wrapper.framework;
			path = BeerListiOS.framework;
			remoteRef = D2BA5BF225C0496700912BD9 /* PBXContainerItemProxy */;
			sourceTree = BUILT_PRODUCTS_DIR;
		};
		D2BA5BF525C0496700912BD9 /* BeerListiOSTests.xctest */ = {
			isa = PBXReferenceProxy;
			fileType = wrapper.cfbundle;
			path = BeerListiOSTests.xctest;
			remoteRef = D2BA5BF425C0496700912BD9 /* PBXContainerItemProxy */;
			sourceTree = BUILT_PRODUCTS_DIR;
		};
/* End PBXReferenceProxy section */

/* Begin PBXResourcesBuildPhase section */
		D2BA5B7325C0445400912BD9 /* Resources */ = {
			isa = PBXResourcesBuildPhase;
			buildActionMask = 2147483647;
			files = (
				D2BA5B8525C0445700912BD9 /* LaunchScreen.storyboard in Resources */,
				D2BA5B8225C0445700912BD9 /* Assets.xcassets in Resources */,
			);
			runOnlyForDeploymentPostprocessing = 0;
		};
		D2BA5C5A25C04F9A00912BD9 /* Resources */ = {
			isa = PBXResourcesBuildPhase;
			buildActionMask = 2147483647;
			files = (
			);
			runOnlyForDeploymentPostprocessing = 0;
		};
/* End PBXResourcesBuildPhase section */

/* Begin PBXSourcesBuildPhase section */
		D2BA5B7125C0445400912BD9 /* Sources */ = {
			isa = PBXSourcesBuildPhase;
			buildActionMask = 2147483647;
			files = (
				D295390725C10D9400E27934 /* BeerDetailsUIComposer.swift in Sources */,
				D2BA5CC825C056DF00912BD9 /* BeerListLoaderPresentationAdapter.swift in Sources */,
				D2BA5B7925C0445400912BD9 /* AppDelegate.swift in Sources */,
				D2BA5CC525C056DF00912BD9 /* BeerListUIComposer.swift in Sources */,
				D2BA5CC425C056DF00912BD9 /* BeerDataLoaderPresentationAdapter.swift in Sources */,
				D295390F25C10E0000E27934 /* BeerDetailsImageLoaderPresentationAdapter.swift in Sources */,
				D2BA5CC625C056DF00912BD9 /* MainQueueDispatchDecorator.swift in Sources */,
				D2BA5CC725C056DF00912BD9 /* WeakRefVirtualProxy.swift in Sources */,
				D2BA5CC925C056DF00912BD9 /* BeerListViewAdapter.swift in Sources */,
				D2BA5B7B25C0445400912BD9 /* SceneDelegate.swift in Sources */,
			);
			runOnlyForDeploymentPostprocessing = 0;
		};
		D2BA5C5825C04F9A00912BD9 /* Sources */ = {
			isa = PBXSourcesBuildPhase;
			buildActionMask = 2147483647;
			files = (
				D2BA5CD825C056F900912BD9 /* BeerListViewControllerTests+TestHelpers.swift in Sources */,
				D2BA5CD925C056F900912BD9 /* BeerCell+TestHelpers.swift in Sources */,
				D2BA5CE825C0587F00912BD9 /* BeerListAcceptanceTests.swift in Sources */,
				D2BA5CDD25C056F900912BD9 /* BeerListUIIntegrationsTests.swift in Sources */,
				D295391225C10E3F00E27934 /* BeerDetailsViewControllerTests.swift in Sources */,
				D2BA5CD725C056F900912BD9 /* BeerListViewController+TestHelpers.swift in Sources */,
				D2BA5CE525C057B300912BD9 /* XCTest+MemoryLeakTracking.swift in Sources */,
				D2BA5CDB25C056F900912BD9 /* UIControl+TestHelpers.swift in Sources */,
				D2BA5CDA25C056F900912BD9 /* UIImage+TestHelpers.swift in Sources */,
				D2BA5CDC25C056F900912BD9 /* BeerListViewControllerTests+Assertions.swift in Sources */,
				D2BA5C8225C0539300912BD9 /* SceneDelegateTests.swift in Sources */,
			);
			runOnlyForDeploymentPostprocessing = 0;
		};
/* End PBXSourcesBuildPhase section */

/* Begin PBXTargetDependency section */
		D2BA5C6225C04F9A00912BD9 /* PBXTargetDependency */ = {
			isa = PBXTargetDependency;
			target = D2BA5B7425C0445400912BD9 /* BeerListApp */;
			targetProxy = D2BA5C6125C04F9A00912BD9 /* PBXContainerItemProxy */;
		};
/* End PBXTargetDependency section */

/* Begin PBXVariantGroup section */
		D2BA5B8325C0445700912BD9 /* LaunchScreen.storyboard */ = {
			isa = PBXVariantGroup;
			children = (
				D2BA5B8425C0445700912BD9 /* Base */,
			);
			name = LaunchScreen.storyboard;
			sourceTree = "<group>";
		};
/* End PBXVariantGroup section */

/* Begin XCBuildConfiguration section */
		D2BA5B9D25C0445700912BD9 /* Debug */ = {
			isa = XCBuildConfiguration;
			buildSettings = {
				ALWAYS_SEARCH_USER_PATHS = NO;
				CLANG_ANALYZER_NONNULL = YES;
				CLANG_ANALYZER_NUMBER_OBJECT_CONVERSION = YES_AGGRESSIVE;
				CLANG_CXX_LANGUAGE_STANDARD = "gnu++14";
				CLANG_CXX_LIBRARY = "libc++";
				CLANG_ENABLE_MODULES = YES;
				CLANG_ENABLE_OBJC_ARC = YES;
				CLANG_ENABLE_OBJC_WEAK = YES;
				CLANG_WARN_BLOCK_CAPTURE_AUTORELEASING = YES;
				CLANG_WARN_BOOL_CONVERSION = YES;
				CLANG_WARN_COMMA = YES;
				CLANG_WARN_CONSTANT_CONVERSION = YES;
				CLANG_WARN_DEPRECATED_OBJC_IMPLEMENTATIONS = YES;
				CLANG_WARN_DIRECT_OBJC_ISA_USAGE = YES_ERROR;
				CLANG_WARN_DOCUMENTATION_COMMENTS = YES;
				CLANG_WARN_EMPTY_BODY = YES;
				CLANG_WARN_ENUM_CONVERSION = YES;
				CLANG_WARN_INFINITE_RECURSION = YES;
				CLANG_WARN_INT_CONVERSION = YES;
				CLANG_WARN_NON_LITERAL_NULL_CONVERSION = YES;
				CLANG_WARN_OBJC_IMPLICIT_RETAIN_SELF = YES;
				CLANG_WARN_OBJC_LITERAL_CONVERSION = YES;
				CLANG_WARN_OBJC_ROOT_CLASS = YES_ERROR;
				CLANG_WARN_QUOTED_INCLUDE_IN_FRAMEWORK_HEADER = YES;
				CLANG_WARN_RANGE_LOOP_ANALYSIS = YES;
				CLANG_WARN_STRICT_PROTOTYPES = YES;
				CLANG_WARN_SUSPICIOUS_MOVE = YES;
				CLANG_WARN_UNGUARDED_AVAILABILITY = YES_AGGRESSIVE;
				CLANG_WARN_UNREACHABLE_CODE = YES;
				CLANG_WARN__DUPLICATE_METHOD_MATCH = YES;
				COPY_PHASE_STRIP = NO;
				DEBUG_INFORMATION_FORMAT = dwarf;
				ENABLE_STRICT_OBJC_MSGSEND = YES;
				ENABLE_TESTABILITY = YES;
				GCC_C_LANGUAGE_STANDARD = gnu11;
				GCC_DYNAMIC_NO_PIC = NO;
				GCC_NO_COMMON_BLOCKS = YES;
				GCC_OPTIMIZATION_LEVEL = 0;
				GCC_PREPROCESSOR_DEFINITIONS = (
					"DEBUG=1",
					"$(inherited)",
				);
				GCC_WARN_64_TO_32_BIT_CONVERSION = YES;
				GCC_WARN_ABOUT_RETURN_TYPE = YES_ERROR;
				GCC_WARN_UNDECLARED_SELECTOR = YES;
				GCC_WARN_UNINITIALIZED_AUTOS = YES_AGGRESSIVE;
				GCC_WARN_UNUSED_FUNCTION = YES;
				GCC_WARN_UNUSED_VARIABLE = YES;
				IPHONEOS_DEPLOYMENT_TARGET = 14.2;
				MTL_ENABLE_DEBUG_INFO = INCLUDE_SOURCE;
				MTL_FAST_MATH = YES;
				ONLY_ACTIVE_ARCH = YES;
				SDKROOT = iphoneos;
				SWIFT_ACTIVE_COMPILATION_CONDITIONS = DEBUG;
				SWIFT_OPTIMIZATION_LEVEL = "-Onone";
			};
			name = Debug;
		};
		D2BA5B9E25C0445700912BD9 /* Release */ = {
			isa = XCBuildConfiguration;
			buildSettings = {
				ALWAYS_SEARCH_USER_PATHS = NO;
				CLANG_ANALYZER_NONNULL = YES;
				CLANG_ANALYZER_NUMBER_OBJECT_CONVERSION = YES_AGGRESSIVE;
				CLANG_CXX_LANGUAGE_STANDARD = "gnu++14";
				CLANG_CXX_LIBRARY = "libc++";
				CLANG_ENABLE_MODULES = YES;
				CLANG_ENABLE_OBJC_ARC = YES;
				CLANG_ENABLE_OBJC_WEAK = YES;
				CLANG_WARN_BLOCK_CAPTURE_AUTORELEASING = YES;
				CLANG_WARN_BOOL_CONVERSION = YES;
				CLANG_WARN_COMMA = YES;
				CLANG_WARN_CONSTANT_CONVERSION = YES;
				CLANG_WARN_DEPRECATED_OBJC_IMPLEMENTATIONS = YES;
				CLANG_WARN_DIRECT_OBJC_ISA_USAGE = YES_ERROR;
				CLANG_WARN_DOCUMENTATION_COMMENTS = YES;
				CLANG_WARN_EMPTY_BODY = YES;
				CLANG_WARN_ENUM_CONVERSION = YES;
				CLANG_WARN_INFINITE_RECURSION = YES;
				CLANG_WARN_INT_CONVERSION = YES;
				CLANG_WARN_NON_LITERAL_NULL_CONVERSION = YES;
				CLANG_WARN_OBJC_IMPLICIT_RETAIN_SELF = YES;
				CLANG_WARN_OBJC_LITERAL_CONVERSION = YES;
				CLANG_WARN_OBJC_ROOT_CLASS = YES_ERROR;
				CLANG_WARN_QUOTED_INCLUDE_IN_FRAMEWORK_HEADER = YES;
				CLANG_WARN_RANGE_LOOP_ANALYSIS = YES;
				CLANG_WARN_STRICT_PROTOTYPES = YES;
				CLANG_WARN_SUSPICIOUS_MOVE = YES;
				CLANG_WARN_UNGUARDED_AVAILABILITY = YES_AGGRESSIVE;
				CLANG_WARN_UNREACHABLE_CODE = YES;
				CLANG_WARN__DUPLICATE_METHOD_MATCH = YES;
				COPY_PHASE_STRIP = NO;
				DEBUG_INFORMATION_FORMAT = "dwarf-with-dsym";
				ENABLE_NS_ASSERTIONS = NO;
				ENABLE_STRICT_OBJC_MSGSEND = YES;
				GCC_C_LANGUAGE_STANDARD = gnu11;
				GCC_NO_COMMON_BLOCKS = YES;
				GCC_WARN_64_TO_32_BIT_CONVERSION = YES;
				GCC_WARN_ABOUT_RETURN_TYPE = YES_ERROR;
				GCC_WARN_UNDECLARED_SELECTOR = YES;
				GCC_WARN_UNINITIALIZED_AUTOS = YES_AGGRESSIVE;
				GCC_WARN_UNUSED_FUNCTION = YES;
				GCC_WARN_UNUSED_VARIABLE = YES;
				IPHONEOS_DEPLOYMENT_TARGET = 14.2;
				MTL_ENABLE_DEBUG_INFO = NO;
				MTL_FAST_MATH = YES;
				SDKROOT = iphoneos;
				SWIFT_COMPILATION_MODE = wholemodule;
				SWIFT_OPTIMIZATION_LEVEL = "-O";
				VALIDATE_PRODUCT = YES;
			};
			name = Release;
		};
		D2BA5BA025C0445700912BD9 /* Debug */ = {
			isa = XCBuildConfiguration;
			buildSettings = {
				ASSETCATALOG_COMPILER_APPICON_NAME = AppIcon;
				ASSETCATALOG_COMPILER_GLOBAL_ACCENT_COLOR_NAME = AccentColor;
				CODE_SIGN_STYLE = Automatic;
				DEVELOPMENT_TEAM = 9QRTB5MNL3;
				INFOPLIST_FILE = BeerListApp/Info.plist;
				LD_RUNPATH_SEARCH_PATHS = (
					"$(inherited)",
					"@executable_path/Frameworks",
				);
				PRODUCT_BUNDLE_IDENTIFIER = br.com.tulioparreiras.BeerListApp;
				PRODUCT_NAME = "$(TARGET_NAME)";
				SWIFT_VERSION = 5.0;
				TARGETED_DEVICE_FAMILY = "1,2";
			};
			name = Debug;
		};
		D2BA5BA125C0445700912BD9 /* Release */ = {
			isa = XCBuildConfiguration;
			buildSettings = {
				ASSETCATALOG_COMPILER_APPICON_NAME = AppIcon;
				ASSETCATALOG_COMPILER_GLOBAL_ACCENT_COLOR_NAME = AccentColor;
				CODE_SIGN_STYLE = Automatic;
				DEVELOPMENT_TEAM = 9QRTB5MNL3;
				INFOPLIST_FILE = BeerListApp/Info.plist;
				LD_RUNPATH_SEARCH_PATHS = (
					"$(inherited)",
					"@executable_path/Frameworks",
				);
				PRODUCT_BUNDLE_IDENTIFIER = br.com.tulioparreiras.BeerListApp;
				PRODUCT_NAME = "$(TARGET_NAME)";
				SWIFT_VERSION = 5.0;
				TARGETED_DEVICE_FAMILY = "1,2";
			};
			name = Release;
		};
		D2BA5C6425C04F9A00912BD9 /* Debug */ = {
			isa = XCBuildConfiguration;
			buildSettings = {
				BUNDLE_LOADER = "$(TEST_HOST)";
				CLANG_ENABLE_MODULES = YES;
				CODE_SIGN_STYLE = Automatic;
				DEVELOPMENT_TEAM = 9QRTB5MNL3;
				INFOPLIST_FILE = BeerListAppTests/Info.plist;
				LD_RUNPATH_SEARCH_PATHS = (
					"$(inherited)",
					"@executable_path/Frameworks",
					"@loader_path/Frameworks",
				);
				PRODUCT_BUNDLE_IDENTIFIER = br.com.tulioparreiras.BeerListAppTests;
				PRODUCT_NAME = "$(TARGET_NAME)";
				SWIFT_OPTIMIZATION_LEVEL = "-Onone";
				SWIFT_VERSION = 5.0;
				TARGETED_DEVICE_FAMILY = "1,2";
				TEST_HOST = "$(BUILT_PRODUCTS_DIR)/BeerListApp.app/BeerListApp";
			};
			name = Debug;
		};
		D2BA5C6525C04F9A00912BD9 /* Release */ = {
			isa = XCBuildConfiguration;
			buildSettings = {
				BUNDLE_LOADER = "$(TEST_HOST)";
				CLANG_ENABLE_MODULES = YES;
				CODE_SIGN_STYLE = Automatic;
				DEVELOPMENT_TEAM = 9QRTB5MNL3;
				INFOPLIST_FILE = BeerListAppTests/Info.plist;
				LD_RUNPATH_SEARCH_PATHS = (
					"$(inherited)",
					"@executable_path/Frameworks",
					"@loader_path/Frameworks",
				);
				PRODUCT_BUNDLE_IDENTIFIER = br.com.tulioparreiras.BeerListAppTests;
				PRODUCT_NAME = "$(TARGET_NAME)";
				SWIFT_VERSION = 5.0;
				TARGETED_DEVICE_FAMILY = "1,2";
				TEST_HOST = "$(BUILT_PRODUCTS_DIR)/BeerListApp.app/BeerListApp";
			};
			name = Release;
		};
/* End XCBuildConfiguration section */

/* Begin XCConfigurationList section */
		D2BA5B7025C0445400912BD9 /* Build configuration list for PBXProject "BeerListApp" */ = {
			isa = XCConfigurationList;
			buildConfigurations = (
				D2BA5B9D25C0445700912BD9 /* Debug */,
				D2BA5B9E25C0445700912BD9 /* Release */,
			);
			defaultConfigurationIsVisible = 0;
			defaultConfigurationName = Release;
		};
		D2BA5B9F25C0445700912BD9 /* Build configuration list for PBXNativeTarget "BeerListApp" */ = {
			isa = XCConfigurationList;
			buildConfigurations = (
				D2BA5BA025C0445700912BD9 /* Debug */,
				D2BA5BA125C0445700912BD9 /* Release */,
			);
			defaultConfigurationIsVisible = 0;
			defaultConfigurationName = Release;
		};
		D2BA5C6325C04F9A00912BD9 /* Build configuration list for PBXNativeTarget "BeerListAppTests" */ = {
			isa = XCConfigurationList;
			buildConfigurations = (
				D2BA5C6425C04F9A00912BD9 /* Debug */,
				D2BA5C6525C04F9A00912BD9 /* Release */,
			);
			defaultConfigurationIsVisible = 0;
			defaultConfigurationName = Release;
		};
/* End XCConfigurationList section */
	};
	rootObject = D2BA5B6D25C0445400912BD9 /* Project object */;
}
